
Microsoft Visual Studio Solution File, Format Version 12.00
# Visual Studio Version 16
VisualStudioVersion = 16.0.32630.194
MinimumVisualStudioVersion = 10.0.40219.1
Project("{FAE04EC0-301F-11D3-BF4B-00C04F79EFBC}") = "hola", "hola.csproj", "{E506530C-8A1D-4A73-AAF7-04BC4C676CB6}"
EndProject
Global
	GlobalSection(SolutionConfigurationPlatforms) = preSolution
		Debug|Any CPU = Debug|Any CPU
		Release|Any CPU = Release|Any CPU
	EndGlobalSection
	GlobalSection(ProjectConfigurationPlatforms) = postSolution
		{E506530C-8A1D-4A73-AAF7-04BC4C676CB6}.Debug|Any CPU.ActiveCfg = Debug|Any CPU
		{E506530C-8A1D-4A73-AAF7-04BC4C676CB6}.Debug|Any CPU.Build.0 = Debug|Any CPU
		{E506530C-8A1D-4A73-AAF7-04BC4C676CB6}.Release|Any CPU.ActiveCfg = Release|Any CPU
		{E506530C-8A1D-4A73-AAF7-04BC4C676CB6}.Release|Any CPU.Build.0 = Release|Any CPU
	EndGlobalSection
	GlobalSection(SolutionProperties) = preSolution
		HideSolutionNode = FALSE
	EndGlobalSection
	GlobalSection(ExtensibilityGlobals) = postSolution
		SolutionGuid = {79A30459-A0C3-4912-BA94-BF3E85D9CFC0}
	EndGlobalSection
EndGlobal
